
Microsoft Visual Studio Solution File, Format Version 12.00
# Visual Studio Version 16
VisualStudioVersion = 16.0.30907.101
MinimumVisualStudioVersion = 10.0.40219.1
Project("{FAE04EC0-301F-11D3-BF4B-00C04F79EFBC}") = "variablesInputConversionformatting", "variablesInputConversionformatting\variablesInputConversionformatting.csproj", "{DFA9A2F8-62DC-495F-978F-F55EEAEDBBE2}"
EndProject
Global
	GlobalSection(SolutionConfigurationPlatforms) = preSolution
		Debug|Any CPU = Debug|Any CPU
		Release|Any CPU = Release|Any CPU
	EndGlobalSection
	GlobalSection(ProjectConfigurationPlatforms) = postSolution
		{DFA9A2F8-62DC-495F-978F-F55EEAEDBBE2}.Debug|Any CPU.ActiveCfg = Debug|Any CPU
		{DFA9A2F8-62DC-495F-978F-F55EEAEDBBE2}.Debug|Any CPU.Build.0 = Debug|Any CPU
		{DFA9A2F8-62DC-495F-978F-F55EEAEDBBE2}.Release|Any CPU.ActiveCfg = Release|Any CPU
		{DFA9A2F8-62DC-495F-978F-F55EEAEDBBE2}.Release|Any CPU.Build.0 = Release|Any CPU
	EndGlobalSection
	GlobalSection(SolutionProperties) = preSolution
		HideSolutionNode = FALSE
	EndGlobalSection
	GlobalSection(ExtensibilityGlobals) = postSolution
		SolutionGuid = {ED7507FB-31B4-4678-B707-9BF07EC53B50}
	EndGlobalSection
EndGlobal
